#MicroXplorer Configuration settings - do not modify
Mcu.Family=STM32F1
ProjectManager.MainLocation=Core/Src
NVIC.ADC1_2_IRQn=true\:0\:0\:false\:false\:true\:true\:true
PA2.GPIO_PuPd=GPIO_PULLDOWN
RCC.MCOFreq_Value=36000000
Dma.ADC1.4.Priority=DMA_PRIORITY_LOW
Dma.I2C1_TX.1.RequestParameters=Instance,Direction,PeriphInc,MemInc,PeriphDataAlignment,MemDataAlignment,Mode,Priority
TIM2.Channel-Input_Capture1_from_TI1=TIM_CHANNEL_1
NVIC.DMA1_Channel5_IRQn=true\:0\:0\:false\:false\:true\:false\:true
ProjectManager.KeepUserCode=true
Mcu.UserName=STM32F103C8Tx
SPI1.VirtualType=VM_MASTER
ADC1.ContinuousConvMode=ENABLE
Dma.USART1_TX.3.MemInc=DMA_MINC_ENABLE
Dma.USART1_TX.3.MemDataAlignment=DMA_MDATAALIGN_BYTE
Dma.I2C1_TX.1.Mode=DMA_NORMAL
RCC.PLLCLKFreq_Value=72000000
PC13-TAMPER-RTC.GPIOParameters=GPIO_Label
Dma.USART1_RX.2.Instance=DMA1_Channel5
Dma.USART1_TX.3.Direction=DMA_MEMORY_TO_PERIPH
PA3.GPIO_PuPd=GPIO_PULLDOWN
ProjectManager.functionlistsort=1-MX_GPIO_Init-GPIO-false-HAL-true,2-MX_DMA_Init-DMA-false-HAL-true,3-SystemClock_Config-RCC-false-HAL-false,4-MX_ADC1_Init-ADC1-false-HAL-true,5-MX_USART1_UART_Init-USART1-false-HAL-true,6-MX_I2C1_Init-I2C1-false-HAL-true,7-MX_TIM2_Init-TIM2-false-HAL-true,8-MX_TIM3_Init-TIM3-false-HAL-true
PA9.GPIOParameters=GPIO_Label
PA11.GPIOParameters=GPIO_PuPd,GPIO_Label
NVIC.EXTI3_IRQn=true\:6\:0\:true\:false\:true\:true\:true
PA3.GPIOParameters=GPIO_PuPd
RCC.ADCFreqValue=12000000
PB0.GPIO_Label=RST
PB6.GPIO_Label=I2C_SCL
PA11.GPIO_PuPd=GPIO_NOPULL
USART1.IPParameters=VirtualMode
Dma.ADC1.4.PeriphInc=DMA_PINC_DISABLE
PA2.GPIOParameters=GPIO_PuPd,GPIO_ModeDefaultEXTI
PinOutPanel.RotationAngle=0
RCC.SYSCLKSource=RCC_SYSCLKSOURCE_PLLCLK
ProjectManager.StackSize=0x400
PD1-OSC_OUT.Signal=RCC_OSC_OUT
SH.GPXTI2.0=GPIO_EXTI2
Dma.I2C1_TX.1.Direction=DMA_MEMORY_TO_PERIPH
Mcu.IP4=RCC
RCC.FCLKCortexFreq_Value=72000000
Mcu.IP5=SPI1
Mcu.IP2=I2C1
NVIC.SVCall_IRQn=true\:0\:0\:false\:false\:true\:false\:false
Mcu.IP3=NVIC
Mcu.IP0=ADC1
Mcu.IP1=DMA
SH.GPXTI3.ConfNb=1
Mcu.UserConstants=
Mcu.ThirdPartyNb=0
SPI1.Direction=SPI_DIRECTION_2LINES
RCC.HCLKFreq_Value=72000000
Mcu.IPNb=10
TIM2.IPParameters=Channel-Input_Capture1_from_TI1,Prescaler,Period
ProjectManager.PreviousToolchain=
RCC.APB2TimFreq_Value=72000000
TIM3.Period=10000
PB6.Signal=I2C1_SCL
Dma.USART1_TX.3.Mode=DMA_NORMAL
Dma.I2C1_RX.0.PeriphDataAlignment=DMA_PDATAALIGN_BYTE
PB6.Mode=I2C
Dma.I2C1_TX.1.PeriphInc=DMA_PINC_DISABLE
SPI1.CalculateBaudRate=1.125 MBits/s
Mcu.Pin6=PA1
Mcu.Pin7=PA2
Mcu.Pin8=PA3
Mcu.Pin9=PA4
Dma.ADC1.4.Instance=DMA1_Channel1
RCC.AHBFreq_Value=72000000
Mcu.Pin0=PC13-TAMPER-RTC
Mcu.Pin1=PC14-OSC32_IN
GPIO.groupedBy=Group By Peripherals
Mcu.Pin2=PC15-OSC32_OUT
Dma.I2C1_RX.0.Priority=DMA_PRIORITY_LOW
Mcu.Pin3=PD0-OSC_IN
Mcu.Pin4=PD1-OSC_OUT
Mcu.Pin5=PA0-WKUP
ProjectManager.ProjectBuild=false
NVIC.UsageFault_IRQn=true\:0\:0\:false\:false\:true\:false\:false
NVIC.DebugMonitor_IRQn=true\:0\:0\:false\:false\:true\:false\:false
PA8.Locked=true
PA4.Locked=true
Dma.I2C1_RX.0.Mode=DMA_NORMAL
NVIC.SysTick_IRQn=true\:0\:0\:false\:false\:true\:false\:true
RCC.PLLMUL=RCC_PLL_MUL9
ProjectManager.FirmwarePackage=STM32Cube FW_F1 V1.8.3
MxDb.Version=DB.6.0.20
PB0.GPIOParameters=GPIO_Label
ProjectManager.BackupPrevious=false
PC14-OSC32_IN.Mode=LSE-External-Oscillator
PA14.Mode=Serial_Wire
SH.ADCx_IN1.ConfNb=1
TIM3.Prescaler=7199
PB1.GPIO_Label=DC
Dma.USART1_TX.3.PeriphInc=DMA_PINC_DISABLE
NVIC.TIM2_IRQn=true\:0\:0\:false\:false\:true\:true\:true
File.Version=6
PA10.GPIO_Label=In
PB7.Signal=I2C1_SDA
PA8.Signal=RCC_MCO
Dma.I2C1_RX.0.Direction=DMA_PERIPH_TO_MEMORY
NVIC.PendSV_IRQn=true\:0\:0\:false\:false\:true\:false\:false
Dma.RequestsNb=5
PB6.GPIOParameters=GPIO_Label
ProjectManager.HalAssertFull=false
PB0.Locked=true
Dma.USART1_TX.3.Instance=DMA1_Channel4
ProjectManager.ProjectName=Weather_Test
RCC.PLLMCOFreq_Value=36000000
PB7.GPIO_Label=I2C_SDA
Mcu.Package=LQFP48
TIM2.Prescaler=7199
PB1.Signal=GPIO_Output
PA7.Locked=true
PA5.Locked=true
ProjectManager.ToolChainLocation=
VP_SYS_VS_Systick.Signal=SYS_VS_Systick
PA10.Signal=USART1_RX
Dma.ADC1.4.MemInc=DMA_MINC_ENABLE
SH.ADCx_IN1.0=ADC1_IN1,IN1
NVIC.EXTI2_IRQn=true\:6\:0\:true\:false\:true\:true\:true
Dma.Request2=USART1_RX
Dma.Request1=I2C1_TX
RCC.APB1TimFreq_Value=72000000
Dma.Request4=ADC1
Dma.Request3=USART1_TX
NVIC.BusFault_IRQn=true\:0\:0\:false\:false\:true\:false\:false
PB10.GPIOParameters=GPIO_Label
NVIC.DMA1_Channel4_IRQn=true\:0\:0\:false\:false\:true\:false\:true
NVIC.USART1_IRQn=true\:5\:0\:true\:false\:true\:true\:true
Dma.Request0=I2C1_RX
SPI1.BaudRatePrescaler=SPI_BAUDRATEPRESCALER_64
PA4.GPIO_Label=SPI_CS
ProjectManager.CustomerFirmwarePackage=
VP_TIM3_VS_ClockSourceINT.Mode=Internal
Dma.USART1_RX.2.MemDataAlignment=DMA_MDATAALIGN_BYTE
PA3.Signal=GPXTI3
PA5.Mode=TX_Only_Simplex_Unidirect_Master
PA2.Locked=true
Dma.I2C1_TX.1.PeriphDataAlignment=DMA_PDATAALIGN_BYTE
RCC.PLLSourceVirtual=RCC_PLLSOURCE_HSE
PC15-OSC32_OUT.Mode=LSE-External-Oscillator
NVIC.DMA1_Channel6_IRQn=true\:0\:0\:false\:false\:true\:false\:true
Dma.I2C1_RX.0.PeriphInc=DMA_PINC_DISABLE
ProjectManager.ProjectFileName=Weather_Test.ioc
Dma.I2C1_RX.0.MemDataAlignment=DMA_MDATAALIGN_BYTE
PA7.Mode=TX_Only_Simplex_Unidirect_Master
PD1-OSC_OUT.Mode=HSE-External-Oscillator
PA10.Mode=Asynchronous
Mcu.PinsNb=25
ProjectManager.NoMain=false
SPI1.IPParameters=VirtualType,Mode,Direction,BaudRatePrescaler,CalculateBaudRate
ADC1.IPParameters=Rank-1\#ChannelRegularConversion,Channel-1\#ChannelRegularConversion,SamplingTime-1\#ChannelRegularConversion,NbrOfConversionFlag,master,ContinuousConvMode
PA9.GPIO_Label=Out
PC13-TAMPER-RTC.Signal=GPIO_Output
PA11.GPIO_Label=Mode
Dma.ADC1.4.PeriphDataAlignment=DMA_PDATAALIGN_HALFWORD
ProjectManager.DefaultFWLocation=true
PD0-OSC_IN.Signal=RCC_OSC_IN
ProjectManager.DeletePrevious=true
RCC.APB1CLKDivider=RCC_HCLK_DIV2
PC14-OSC32_IN.Signal=RCC_OSC32_IN
PB10.Locked=true
Dma.USART1_TX.3.RequestParameters=Instance,Direction,PeriphInc,MemInc,PeriphDataAlignment,MemDataAlignment,Mode,Priority
Dma.USART1_RX.2.PeriphInc=DMA_PINC_DISABLE
SH.S_TIM2_CH1_ETR.ConfNb=1
RCC.FamilyName=M
PA0-WKUP.Signal=S_TIM2_CH1_ETR
PA0-WKUP.Locked=true
RCC.ADCPresc=RCC_ADCPCLK2_DIV6
PA13.Signal=SYS_JTMS-SWDIO
PA11.Locked=true
PA9.Mode=Asynchronous
SH.GPXTI2.ConfNb=1
ProjectManager.TargetToolchain=STM32CubeIDE
PB10.GPIO_Label=BUSY
Dma.USART1_RX.2.Mode=DMA_NORMAL
PB7.GPIOParameters=GPIO_Label
Dma.USART1_RX.2.PeriphDataAlignment=DMA_PDATAALIGN_BYTE
Dma.ADC1.4.RequestParameters=Instance,Direction,PeriphInc,MemInc,PeriphDataAlignment,MemDataAlignment,Mode,Priority
PA9.Signal=USART1_TX
Dma.USART1_TX.3.PeriphDataAlignment=DMA_PDATAALIGN_BYTE
ADC1.Channel-1\#ChannelRegularConversion=ADC_CHANNEL_1
Dma.I2C1_RX.0.MemInc=DMA_MINC_ENABLE
Dma.I2C1_TX.1.Instance=DMA1_Channel6
ProjectManager.RegisterCallBack=
PC13-TAMPER-RTC.Locked=true
RCC.USBFreq_Value=72000000
VP_TIM3_VS_ClockSourceINT.Signal=TIM3_VS_ClockSourceINT
PC15-OSC32_OUT.Signal=RCC_OSC32_OUT
PA1.Signal=ADCx_IN1
PB1.Locked=true
PB10.Signal=GPIO_Input
PD0-OSC_IN.Mode=HSE-External-Oscillator
PA5.Signal=SPI1_SCK
board=custom
SH.GPXTI3.0=GPIO_EXTI3
Dma.I2C1_TX.1.Priority=DMA_PRIORITY_LOW
ProjectManager.LastFirmware=false
PC13-TAMPER-RTC.GPIO_Label=LED
Dma.USART1_RX.2.Priority=DMA_PRIORITY_LOW
NVIC.TIM3_IRQn=true\:0\:0\:false\:false\:true\:true\:true
RCC.VCOOutput2Freq_Value=8000000
RCC.APB2Freq_Value=72000000
Dma.USART1_RX.2.Direction=DMA_PERIPH_TO_MEMORY
MxCube.Version=6.2.0
SPI1.Mode=SPI_MODE_MASTER
Dma.I2C1_TX.1.MemInc=DMA_MINC_ENABLE
PA10.GPIOParameters=GPIO_Label
VP_SYS_VS_Systick.Mode=SysTick
TIM3.IPParameters=Prescaler,Period
RCC.RCC_MCOSource=RCC_MCO1SOURCE_PLLCLK
Dma.ADC1.4.Mode=DMA_CIRCULAR
NVIC.NonMaskableInt_IRQn=true\:0\:0\:false\:false\:true\:false\:false
Dma.I2C1_TX.1.MemDataAlignment=DMA_MDATAALIGN_BYTE
PA4.GPIOParameters=GPIO_Label
TIM2.Period=40000
PA13.Mode=Serial_Wire
ProjectManager.FreePins=false
Dma.ADC1.4.MemDataAlignment=DMA_MDATAALIGN_HALFWORD
RCC.IPParameters=ADCFreqValue,ADCPresc,AHBFreq_Value,APB1CLKDivider,APB1Freq_Value,APB1TimFreq_Value,APB2Freq_Value,APB2TimFreq_Value,FCLKCortexFreq_Value,FamilyName,HCLKFreq_Value,MCOFreq_Value,PLLCLKFreq_Value,PLLMCOFreq_Value,PLLMUL,PLLSourceVirtual,RCC_MCOSource,SYSCLKFreq_VALUE,SYSCLKSource,TimSysFreq_Value,USBFreq_Value,VCOOutput2Freq_Value
ProjectManager.AskForMigrate=true
Mcu.Name=STM32F103C(8-B)Tx
Dma.USART1_RX.2.MemInc=DMA_MINC_ENABLE
PA2.Signal=GPXTI2
Mcu.Pin24=VP_TIM3_VS_ClockSourceINT
Dma.USART1_TX.3.Priority=DMA_PRIORITY_LOW
ProjectManager.UnderRoot=true
Mcu.IP8=TIM3
Mcu.IP9=USART1
Mcu.IP6=SYS
Mcu.IP7=TIM2
ProjectManager.CoupleFile=true
PA4.Signal=GPIO_Output
ADC1.SamplingTime-1\#ChannelRegularConversion=ADC_SAMPLETIME_239CYCLES_5
RCC.SYSCLKFreq_VALUE=72000000
Mcu.Pin22=PB7
Mcu.Pin23=VP_SYS_VS_Systick
RCC.TimSysFreq_Value=72000000
PA1.Locked=true
Mcu.Pin20=PA14
ADC1.master=1
PA3.Locked=true
Mcu.Pin21=PB6
NVIC.ForceEnableDMAVector=true
KeepUserPlacement=false
NVIC.MemoryManagement_IRQn=true\:0\:0\:false\:false\:true\:false\:false
PA13.Locked=true
USART1.VirtualMode=VM_ASYNC
ProjectManager.CompilerOptimize=6
ADC1.Rank-1\#ChannelRegularConversion=1
PB7.Mode=I2C
PA11.Signal=GPIO_Input
SH.S_TIM2_CH1_ETR.0=TIM2_CH1,Input_Capture1_from_TI1
PA14.Signal=SYS_JTCK-SWCLK
ProjectManager.HeapSize=0x200
Mcu.Pin15=PA8
Dma.I2C1_RX.0.RequestParameters=Instance,Direction,PeriphInc,MemInc,PeriphDataAlignment,MemDataAlignment,Mode,Priority
NVIC.HardFault_IRQn=true\:0\:0\:false\:false\:true\:false\:false
Mcu.Pin16=PA9
Mcu.Pin13=PB1
Mcu.Pin14=PB10
Mcu.Pin19=PA13
Dma.ADC1.4.Direction=DMA_PERIPH_TO_MEMORY
ProjectManager.ComputerToolchain=false
Mcu.Pin17=PA10
Mcu.Pin18=PA11
PA2.GPIO_ModeDefaultEXTI=GPIO_MODE_IT_RISING
NVIC.PriorityGroup=NVIC_PRIORITYGROUP_4
ADC1.NbrOfConversionFlag=1
Mcu.Pin11=PA7
Mcu.Pin12=PB0
Mcu.Pin10=PA5
Dma.USART1_RX.2.RequestParameters=Instance,Direction,PeriphInc,MemInc,PeriphDataAlignment,MemDataAlignment,Mode,Priority
PA8.Mode=Clock-out
NVIC.DMA1_Channel7_IRQn=true\:0\:0\:false\:false\:true\:false\:true
NVIC.DMA1_Channel1_IRQn=true\:0\:0\:false\:false\:true\:false\:true
RCC.APB1Freq_Value=36000000
PB0.Signal=GPIO_Output
Dma.I2C1_RX.0.Instance=DMA1_Channel7
ProjectManager.DeviceId=STM32F103C8Tx
ProjectManager.LibraryCopy=1
PB1.GPIOParameters=GPIO_Label
PA7.Signal=SPI1_MOSI
isbadioc=false
